// !$*UTF8*$!
{
	archiveVersion = 1;
	classes = {
	};
	objectVersion = 50;
	objects = {

/* Begin PBXBuildFile section */
		25246D01210F864D006FC059 /* LandingPage.storyboard in Resources */ = {isa = PBXBuildFile; fileRef = 25246D00210F864D006FC059 /* LandingPage.storyboard */; };
		25246D03210F86C5006FC059 /* LandingPageViewController.swift in Sources */ = {isa = PBXBuildFile; fileRef = 25246D02210F86C5006FC059 /* LandingPageViewController.swift */; };
		25246D06210F8BB0006FC059 /* CreateAccount.storyboard in Resources */ = {isa = PBXBuildFile; fileRef = 25246D05210F8BB0006FC059 /* CreateAccount.storyboard */; };
		25246D0B210F9000006FC059 /* CreateAccountViewController.swift in Sources */ = {isa = PBXBuildFile; fileRef = 25246D0A210F9000006FC059 /* CreateAccountViewController.swift */; };
		2531BCA9210F64DE00CB2A8E /* AppDelegate.swift in Sources */ = {isa = PBXBuildFile; fileRef = 2531BCA8210F64DE00CB2A8E /* AppDelegate.swift */; };
		2531BCAB210F64DE00CB2A8E /* LogInViewController.swift in Sources */ = {isa = PBXBuildFile; fileRef = 2531BCAA210F64DE00CB2A8E /* LogInViewController.swift */; };
		2531BCAE210F64DE00CB2A8E /* LogInPage.storyboard in Resources */ = {isa = PBXBuildFile; fileRef = 2531BCAC210F64DE00CB2A8E /* LogInPage.storyboard */; };
		2531BCB0210F64DF00CB2A8E /* Assets.xcassets in Resources */ = {isa = PBXBuildFile; fileRef = 2531BCAF210F64DF00CB2A8E /* Assets.xcassets */; };
		2531BCB3210F64DF00CB2A8E /* LaunchScreen.storyboard in Resources */ = {isa = PBXBuildFile; fileRef = 2531BCB1210F64DF00CB2A8E /* LaunchScreen.storyboard */; };
		2531BCBE210F64DF00CB2A8E /* Saucy_VeganTests.swift in Sources */ = {isa = PBXBuildFile; fileRef = 2531BCBD210F64DF00CB2A8E /* Saucy_VeganTests.swift */; };
		2531BCC9210F64DF00CB2A8E /* Saucy_VeganUITests.swift in Sources */ = {isa = PBXBuildFile; fileRef = 2531BCC8210F64DF00CB2A8E /* Saucy_VeganUITests.swift */; };
		257CB34E210FA80C00283E16 /* FeedTab.storyboard in Resources */ = {isa = PBXBuildFile; fileRef = 257CB34D210FA80C00283E16 /* FeedTab.storyboard */; };
		257CB350210FA83500283E16 /* FeedTabViewController.swift in Sources */ = {isa = PBXBuildFile; fileRef = 257CB34F210FA83500283E16 /* FeedTabViewController.swift */; };
		9FF4FD278F645F5087B3CFC7 /* Pods_Saucy_Vegan.framework in Frameworks */ = {isa = PBXBuildFile; fileRef = AA4D4A6E7C921DD1C44B6ECF /* Pods_Saucy_Vegan.framework */; };
/* End PBXBuildFile section */

/* Begin PBXContainerItemProxy section */
		2531BCBA210F64DF00CB2A8E /* PBXContainerItemProxy */ = {
			isa = PBXContainerItemProxy;
			containerPortal = 2531BC9D210F64DE00CB2A8E /* Project object */;
			proxyType = 1;
			remoteGlobalIDString = 2531BCA4210F64DE00CB2A8E;
			remoteInfo = "Saucy Vegan";
		};
		2531BCC5210F64DF00CB2A8E /* PBXContainerItemProxy */ = {
			isa = PBXContainerItemProxy;
			containerPortal = 2531BC9D210F64DE00CB2A8E /* Project object */;
			proxyType = 1;
			remoteGlobalIDString = 2531BCA4210F64DE00CB2A8E;
			remoteInfo = "Saucy Vegan";
		};
/* End PBXContainerItemProxy section */

/* Begin PBXFileReference section */
		25246D00210F864D006FC059 /* LandingPage.storyboard */ = {isa = PBXFileReference; lastKnownFileType = file.storyboard; path = LandingPage.storyboard; sourceTree = "<group>"; };
		25246D02210F86C5006FC059 /* LandingPageViewController.swift */ = {isa = PBXFileReference; lastKnownFileType = sourcecode.swift; path = LandingPageViewController.swift; sourceTree = "<group>"; };
		25246D05210F8BB0006FC059 /* CreateAccount.storyboard */ = {isa = PBXFileReference; lastKnownFileType = file.storyboard; path = CreateAccount.storyboard; sourceTree = "<group>"; };
		25246D0A210F9000006FC059 /* CreateAccountViewController.swift */ = {isa = PBXFileReference; lastKnownFileType = sourcecode.swift; path = CreateAccountViewController.swift; sourceTree = "<group>"; };
		2531BCA5210F64DE00CB2A8E /* Saucy Vegan.app */ = {isa = PBXFileReference; explicitFileType = wrapper.application; includeInIndex = 0; path = "Saucy Vegan.app"; sourceTree = BUILT_PRODUCTS_DIR; };
		2531BCA8210F64DE00CB2A8E /* AppDelegate.swift */ = {isa = PBXFileReference; lastKnownFileType = sourcecode.swift; path = AppDelegate.swift; sourceTree = "<group>"; };
		2531BCAA210F64DE00CB2A8E /* LogInViewController.swift */ = {isa = PBXFileReference; lastKnownFileType = sourcecode.swift; path = LogInViewController.swift; sourceTree = "<group>"; };
		2531BCAD210F64DE00CB2A8E /* Base */ = {isa = PBXFileReference; lastKnownFileType = file.storyboard; name = Base; path = Base.lproj/LogInPage.storyboard; sourceTree = "<group>"; };
		2531BCAF210F64DF00CB2A8E /* Assets.xcassets */ = {isa = PBXFileReference; lastKnownFileType = folder.assetcatalog; path = Assets.xcassets; sourceTree = "<group>"; };
		2531BCB2210F64DF00CB2A8E /* Base */ = {isa = PBXFileReference; lastKnownFileType = file.storyboard; name = Base; path = Base.lproj/LaunchScreen.storyboard; sourceTree = "<group>"; };
		2531BCB4210F64DF00CB2A8E /* Info.plist */ = {isa = PBXFileReference; lastKnownFileType = text.plist.xml; path = Info.plist; sourceTree = "<group>"; };
		2531BCB9210F64DF00CB2A8E /* Saucy VeganTests.xctest */ = {isa = PBXFileReference; explicitFileType = wrapper.cfbundle; includeInIndex = 0; path = "Saucy VeganTests.xctest"; sourceTree = BUILT_PRODUCTS_DIR; };
		2531BCBD210F64DF00CB2A8E /* Saucy_VeganTests.swift */ = {isa = PBXFileReference; lastKnownFileType = sourcecode.swift; path = Saucy_VeganTests.swift; sourceTree = "<group>"; };
		2531BCBF210F64DF00CB2A8E /* Info.plist */ = {isa = PBXFileReference; lastKnownFileType = text.plist.xml; path = Info.plist; sourceTree = "<group>"; };
		2531BCC4210F64DF00CB2A8E /* Saucy VeganUITests.xctest */ = {isa = PBXFileReference; explicitFileType = wrapper.cfbundle; includeInIndex = 0; path = "Saucy VeganUITests.xctest"; sourceTree = BUILT_PRODUCTS_DIR; };
		2531BCC8210F64DF00CB2A8E /* Saucy_VeganUITests.swift */ = {isa = PBXFileReference; lastKnownFileType = sourcecode.swift; path = Saucy_VeganUITests.swift; sourceTree = "<group>"; };
		2531BCCA210F64DF00CB2A8E /* Info.plist */ = {isa = PBXFileReference; lastKnownFileType = text.plist.xml; path = Info.plist; sourceTree = "<group>"; };
		257CB34D210FA80C00283E16 /* FeedTab.storyboard */ = {isa = PBXFileReference; lastKnownFileType = file.storyboard; path = FeedTab.storyboard; sourceTree = "<group>"; };
		257CB34F210FA83500283E16 /* FeedTabViewController.swift */ = {isa = PBXFileReference; lastKnownFileType = sourcecode.swift; path = FeedTabViewController.swift; sourceTree = "<group>"; };
		AA4D4A6E7C921DD1C44B6ECF /* Pods_Saucy_Vegan.framework */ = {isa = PBXFileReference; explicitFileType = wrapper.framework; includeInIndex = 0; path = Pods_Saucy_Vegan.framework; sourceTree = BUILT_PRODUCTS_DIR; };
		ACADEAAAD81016AF32076A3E /* Pods-Saucy Vegan.debug.xcconfig */ = {isa = PBXFileReference; includeInIndex = 1; lastKnownFileType = text.xcconfig; name = "Pods-Saucy Vegan.debug.xcconfig"; path = "Pods/Target Support Files/Pods-Saucy Vegan/Pods-Saucy Vegan.debug.xcconfig"; sourceTree = "<group>"; };
		F7343CB0BF9224F4D55B6B7D /* Pods-Saucy Vegan.release.xcconfig */ = {isa = PBXFileReference; includeInIndex = 1; lastKnownFileType = text.xcconfig; name = "Pods-Saucy Vegan.release.xcconfig"; path = "Pods/Target Support Files/Pods-Saucy Vegan/Pods-Saucy Vegan.release.xcconfig"; sourceTree = "<group>"; };
/* End PBXFileReference section */

/* Begin PBXFrameworksBuildPhase section */
		2531BCA2210F64DE00CB2A8E /* Frameworks */ = {
			isa = PBXFrameworksBuildPhase;
			buildActionMask = 2147483647;
			files = (
				9FF4FD278F645F5087B3CFC7 /* Pods_Saucy_Vegan.framework in Frameworks */,
			);
			runOnlyForDeploymentPostprocessing = 0;
		};
		2531BCB6210F64DF00CB2A8E /* Frameworks */ = {
			isa = PBXFrameworksBuildPhase;
			buildActionMask = 2147483647;
			files = (
			);
			runOnlyForDeploymentPostprocessing = 0;
		};
		2531BCC1210F64DF00CB2A8E /* Frameworks */ = {
			isa = PBXFrameworksBuildPhase;
			buildActionMask = 2147483647;
			files = (
			);
			runOnlyForDeploymentPostprocessing = 0;
		};
/* End PBXFrameworksBuildPhase section */

/* Begin PBXGroup section */
		25246D07210F8C2A006FC059 /* Storyboards */ = {
			isa = PBXGroup;
			children = (
				2531BCB1210F64DF00CB2A8E /* LaunchScreen.storyboard */,
				2531BCAC210F64DE00CB2A8E /* LogInPage.storyboard */,
				25246D05210F8BB0006FC059 /* CreateAccount.storyboard */,
				25246D00210F864D006FC059 /* LandingPage.storyboard */,
				257CB34D210FA80C00283E16 /* FeedTab.storyboard */,
			);
			path = Storyboards;
			sourceTree = "<group>";
		};
		25246D08210F8C46006FC059 /* Controllers */ = {
			isa = PBXGroup;
			children = (
				2531BCAA210F64DE00CB2A8E /* LogInViewController.swift */,
				25246D02210F86C5006FC059 /* LandingPageViewController.swift */,
				25246D0A210F9000006FC059 /* CreateAccountViewController.swift */,
				257CB34F210FA83500283E16 /* FeedTabViewController.swift */,
			);
			path = Controllers;
			sourceTree = "<group>";
		};
		2531BC9C210F64DE00CB2A8E = {
			isa = PBXGroup;
			children = (
				2531BCA7210F64DE00CB2A8E /* Saucy Vegan */,
				2531BCBC210F64DF00CB2A8E /* Saucy VeganTests */,
				2531BCC7210F64DF00CB2A8E /* Saucy VeganUITests */,
				2531BCA6210F64DE00CB2A8E /* Products */,
				E72CA17A1640EFAF72E9546C /* Pods */,
				C56B047811EFC9D3829A0D82 /* Frameworks */,
			);
			sourceTree = "<group>";
		};
		2531BCA6210F64DE00CB2A8E /* Products */ = {
			isa = PBXGroup;
			children = (
				2531BCA5210F64DE00CB2A8E /* Saucy Vegan.app */,
				2531BCB9210F64DF00CB2A8E /* Saucy VeganTests.xctest */,
				2531BCC4210F64DF00CB2A8E /* Saucy VeganUITests.xctest */,
			);
			name = Products;
			sourceTree = "<group>";
		};
		2531BCA7210F64DE00CB2A8E /* Saucy Vegan */ = {
			isa = PBXGroup;
			children = (
				257CB34B210FA10400283E16 /* Models */,
				25246D07210F8C2A006FC059 /* Storyboards */,
				25246D08210F8C46006FC059 /* Controllers */,
				2531BCB4210F64DF00CB2A8E /* Info.plist */,
				2531BCA8210F64DE00CB2A8E /* AppDelegate.swift */,
				2531BCAF210F64DF00CB2A8E /* Assets.xcassets */,
			);
			path = "Saucy Vegan";
			sourceTree = "<group>";
		};
		2531BCBC210F64DF00CB2A8E /* Saucy VeganTests */ = {
			isa = PBXGroup;
			children = (
				2531BCBD210F64DF00CB2A8E /* Saucy_VeganTests.swift */,
				2531BCBF210F64DF00CB2A8E /* Info.plist */,
			);
			path = "Saucy VeganTests";
			sourceTree = "<group>";
		};
		2531BCC7210F64DF00CB2A8E /* Saucy VeganUITests */ = {
			isa = PBXGroup;
			children = (
				2531BCC8210F64DF00CB2A8E /* Saucy_VeganUITests.swift */,
				2531BCCA210F64DF00CB2A8E /* Info.plist */,
			);
			path = "Saucy VeganUITests";
			sourceTree = "<group>";
		};
		257CB34B210FA10400283E16 /* Models */ = {
			isa = PBXGroup;
			children = (
			);
			path = Models;
			sourceTree = "<group>";
		};
		C56B047811EFC9D3829A0D82 /* Frameworks */ = {
			isa = PBXGroup;
			children = (
				AA4D4A6E7C921DD1C44B6ECF /* Pods_Saucy_Vegan.framework */,
			);
			name = Frameworks;
			sourceTree = "<group>";
		};
		E72CA17A1640EFAF72E9546C /* Pods */ = {
			isa = PBXGroup;
			children = (
				ACADEAAAD81016AF32076A3E /* Pods-Saucy Vegan.debug.xcconfig */,
				F7343CB0BF9224F4D55B6B7D /* Pods-Saucy Vegan.release.xcconfig */,
			);
			name = Pods;
			sourceTree = "<group>";
		};
/* End PBXGroup section */

/* Begin PBXNativeTarget section */
		2531BCA4210F64DE00CB2A8E /* Saucy Vegan */ = {
			isa = PBXNativeTarget;
			buildConfigurationList = 2531BCCD210F64DF00CB2A8E /* Build configuration list for PBXNativeTarget "Saucy Vegan" */;
			buildPhases = (
				3D00A199E19B3666B767ACF0 /* [CP] Check Pods Manifest.lock */,
				2531BCA1210F64DE00CB2A8E /* Sources */,
				2531BCA2210F64DE00CB2A8E /* Frameworks */,
				2531BCA3210F64DE00CB2A8E /* Resources */,
				A6882A9870740525AF8840FC /* [CP] Embed Pods Frameworks */,
			);
			buildRules = (
			);
			dependencies = (
			);
			name = "Saucy Vegan";
			productName = "Saucy Vegan";
			productReference = 2531BCA5210F64DE00CB2A8E /* Saucy Vegan.app */;
			productType = "com.apple.product-type.application";
		};
		2531BCB8210F64DF00CB2A8E /* Saucy VeganTests */ = {
			isa = PBXNativeTarget;
			buildConfigurationList = 2531BCD0210F64DF00CB2A8E /* Build configuration list for PBXNativeTarget "Saucy VeganTests" */;
			buildPhases = (
				2531BCB5210F64DF00CB2A8E /* Sources */,
				2531BCB6210F64DF00CB2A8E /* Frameworks */,
				2531BCB7210F64DF00CB2A8E /* Resources */,
			);
			buildRules = (
			);
			dependencies = (
				2531BCBB210F64DF00CB2A8E /* PBXTargetDependency */,
			);
			name = "Saucy VeganTests";
			productName = "Saucy VeganTests";
			productReference = 2531BCB9210F64DF00CB2A8E /* Saucy VeganTests.xctest */;
			productType = "com.apple.product-type.bundle.unit-test";
		};
		2531BCC3210F64DF00CB2A8E /* Saucy VeganUITests */ = {
			isa = PBXNativeTarget;
			buildConfigurationList = 2531BCD3210F64DF00CB2A8E /* Build configuration list for PBXNativeTarget "Saucy VeganUITests" */;
			buildPhases = (
				2531BCC0210F64DF00CB2A8E /* Sources */,
				2531BCC1210F64DF00CB2A8E /* Frameworks */,
				2531BCC2210F64DF00CB2A8E /* Resources */,
			);
			buildRules = (
			);
			dependencies = (
				2531BCC6210F64DF00CB2A8E /* PBXTargetDependency */,
			);
			name = "Saucy VeganUITests";
			productName = "Saucy VeganUITests";
			productReference = 2531BCC4210F64DF00CB2A8E /* Saucy VeganUITests.xctest */;
			productType = "com.apple.product-type.bundle.ui-testing";
		};
/* End PBXNativeTarget section */

/* Begin PBXProject section */
		2531BC9D210F64DE00CB2A8E /* Project object */ = {
			isa = PBXProject;
			attributes = {
				LastSwiftUpdateCheck = 0940;
				LastUpgradeCheck = 0940;
				ORGANIZATIONNAME = "VOLTA, LINDSEY";
				TargetAttributes = {
					2531BCA4210F64DE00CB2A8E = {
						CreatedOnToolsVersion = 9.4.1;
					};
					2531BCB8210F64DF00CB2A8E = {
						CreatedOnToolsVersion = 9.4.1;
						TestTargetID = 2531BCA4210F64DE00CB2A8E;
					};
					2531BCC3210F64DF00CB2A8E = {
						CreatedOnToolsVersion = 9.4.1;
						TestTargetID = 2531BCA4210F64DE00CB2A8E;
					};
				};
			};
			buildConfigurationList = 2531BCA0210F64DE00CB2A8E /* Build configuration list for PBXProject "Saucy Vegan" */;
			compatibilityVersion = "Xcode 9.3";
			developmentRegion = en;
			hasScannedForEncodings = 0;
			knownRegions = (
				en,
				Base,
			);
			mainGroup = 2531BC9C210F64DE00CB2A8E;
			productRefGroup = 2531BCA6210F64DE00CB2A8E /* Products */;
			projectDirPath = "";
			projectRoot = "";
			targets = (
				2531BCA4210F64DE00CB2A8E /* Saucy Vegan */,
				2531BCB8210F64DF00CB2A8E /* Saucy VeganTests */,
				2531BCC3210F64DF00CB2A8E /* Saucy VeganUITests */,
			);
		};
/* End PBXProject section */

/* Begin PBXResourcesBuildPhase section */
		2531BCA3210F64DE00CB2A8E /* Resources */ = {
			isa = PBXResourcesBuildPhase;
			buildActionMask = 2147483647;
			files = (
				257CB34E210FA80C00283E16 /* FeedTab.storyboard in Resources */,
				2531BCB3210F64DF00CB2A8E /* LaunchScreen.storyboard in Resources */,
				2531BCB0210F64DF00CB2A8E /* Assets.xcassets in Resources */,
				25246D06210F8BB0006FC059 /* CreateAccount.storyboard in Resources */,
				2531BCAE210F64DE00CB2A8E /* LogInPage.storyboard in Resources */,
				25246D01210F864D006FC059 /* LandingPage.storyboard in Resources */,
			);
			runOnlyForDeploymentPostprocessing = 0;
		};
		2531BCB7210F64DF00CB2A8E /* Resources */ = {
			isa = PBXResourcesBuildPhase;
			buildActionMask = 2147483647;
			files = (
			);
			runOnlyForDeploymentPostprocessing = 0;
		};
		2531BCC2210F64DF00CB2A8E /* Resources */ = {
			isa = PBXResourcesBuildPhase;
			buildActionMask = 2147483647;
			files = (
			);
			runOnlyForDeploymentPostprocessing = 0;
		};
/* End PBXResourcesBuildPhase section */

/* Begin PBXShellScriptBuildPhase section */
		3D00A199E19B3666B767ACF0 /* [CP] Check Pods Manifest.lock */ = {
			isa = PBXShellScriptBuildPhase;
			buildActionMask = 2147483647;
			files = (
			);
			inputPaths = (
				"${PODS_PODFILE_DIR_PATH}/Podfile.lock",
				"${PODS_ROOT}/Manifest.lock",
			);
			name = "[CP] Check Pods Manifest.lock";
			outputPaths = (
				"$(DERIVED_FILE_DIR)/Pods-Saucy Vegan-checkManifestLockResult.txt",
			);
			runOnlyForDeploymentPostprocessing = 0;
			shellPath = /bin/sh;
			shellScript = "diff \"${PODS_PODFILE_DIR_PATH}/Podfile.lock\" \"${PODS_ROOT}/Manifest.lock\" > /dev/null\nif [ $? != 0 ] ; then\n    # print error to STDERR\n    echo \"error: The sandbox is not in sync with the Podfile.lock. Run 'pod install' or update your CocoaPods installation.\" >&2\n    exit 1\nfi\n# This output is used by Xcode 'outputs' to avoid re-running this script phase.\necho \"SUCCESS\" > \"${SCRIPT_OUTPUT_FILE_0}\"\n";
			showEnvVarsInLog = 0;
		};
		A6882A9870740525AF8840FC /* [CP] Embed Pods Frameworks */ = {
			isa = PBXShellScriptBuildPhase;
			buildActionMask = 2147483647;
			files = (
			);
			inputPaths = (
				"${SRCROOT}/Pods/Target Support Files/Pods-Saucy Vegan/Pods-Saucy Vegan-frameworks.sh",
				"${BUILT_PRODUCTS_DIR}/Alamofire/Alamofire.framework",
			);
			name = "[CP] Embed Pods Frameworks";
			outputPaths = (
				"${TARGET_BUILD_DIR}/${FRAMEWORKS_FOLDER_PATH}/Alamofire.framework",
			);
			runOnlyForDeploymentPostprocessing = 0;
			shellPath = /bin/sh;
			shellScript = "\"${SRCROOT}/Pods/Target Support Files/Pods-Saucy Vegan/Pods-Saucy Vegan-frameworks.sh\"\n";
			showEnvVarsInLog = 0;
		};
/* End PBXShellScriptBuildPhase section */

/* Begin PBXSourcesBuildPhase section */
		2531BCA1210F64DE00CB2A8E /* Sources */ = {
			isa = PBXSourcesBuildPhase;
			buildActionMask = 2147483647;
			files = (
				25246D0B210F9000006FC059 /* CreateAccountViewController.swift in Sources */,
				2531BCAB210F64DE00CB2A8E /* LogInViewController.swift in Sources */,
				257CB350210FA83500283E16 /* FeedTabViewController.swift in Sources */,
				25246D03210F86C5006FC059 /* LandingPageViewController.swift in Sources */,
				2531BCA9210F64DE00CB2A8E /* AppDelegate.swift in Sources */,
			);
			runOnlyForDeploymentPostprocessing = 0;
		};
		2531BCB5210F64DF00CB2A8E /* Sources */ = {
			isa = PBXSourcesBuildPhase;
			buildActionMask = 2147483647;
			files = (
				2531BCBE210F64DF00CB2A8E /* Saucy_VeganTests.swift in Sources */,
			);
			runOnlyForDeploymentPostprocessing = 0;
		};
		2531BCC0210F64DF00CB2A8E /* Sources */ = {
			isa = PBXSourcesBuildPhase;
			buildActionMask = 2147483647;
			files = (
				2531BCC9210F64DF00CB2A8E /* Saucy_VeganUITests.swift in Sources */,
			);
			runOnlyForDeploymentPostprocessing = 0;
		};
/* End PBXSourcesBuildPhase section */

/* Begin PBXTargetDependency section */
		2531BCBB210F64DF00CB2A8E /* PBXTargetDependency */ = {
			isa = PBXTargetDependency;
			target = 2531BCA4210F64DE00CB2A8E /* Saucy Vegan */;
			targetProxy = 2531BCBA210F64DF00CB2A8E /* PBXContainerItemProxy */;
		};
		2531BCC6210F64DF00CB2A8E /* PBXTargetDependency */ = {
			isa = PBXTargetDependency;
			target = 2531BCA4210F64DE00CB2A8E /* Saucy Vegan */;
			targetProxy = 2531BCC5210F64DF00CB2A8E /* PBXContainerItemProxy */;
		};
/* End PBXTargetDependency section */

/* Begin PBXVariantGroup section */
		2531BCAC210F64DE00CB2A8E /* LogInPage.storyboard */ = {
			isa = PBXVariantGroup;
			children = (
				2531BCAD210F64DE00CB2A8E /* Base */,
			);
			name = LogInPage.storyboard;
			sourceTree = "<group>";
		};
		2531BCB1210F64DF00CB2A8E /* LaunchScreen.storyboard */ = {
			isa = PBXVariantGroup;
			children = (
				2531BCB2210F64DF00CB2A8E /* Base */,
			);
			name = LaunchScreen.storyboard;
			sourceTree = "<group>";
		};
/* End PBXVariantGroup section */

/* Begin XCBuildConfiguration section */
		2531BCCB210F64DF00CB2A8E /* Debug */ = {
			isa = XCBuildConfiguration;
			buildSettings = {
				ALWAYS_SEARCH_USER_PATHS = NO;
				CLANG_ANALYZER_NONNULL = YES;
				CLANG_ANALYZER_NUMBER_OBJECT_CONVERSION = YES_AGGRESSIVE;
				CLANG_CXX_LANGUAGE_STANDARD = "gnu++14";
				CLANG_CXX_LIBRARY = "libc++";
				CLANG_ENABLE_MODULES = YES;
				CLANG_ENABLE_OBJC_ARC = YES;
				CLANG_ENABLE_OBJC_WEAK = YES;
				CLANG_WARN_BLOCK_CAPTURE_AUTORELEASING = YES;
				CLANG_WARN_BOOL_CONVERSION = YES;
				CLANG_WARN_COMMA = YES;
				CLANG_WARN_CONSTANT_CONVERSION = YES;
				CLANG_WARN_DEPRECATED_OBJC_IMPLEMENTATIONS = YES;
				CLANG_WARN_DIRECT_OBJC_ISA_USAGE = YES_ERROR;
				CLANG_WARN_DOCUMENTATION_COMMENTS = YES;
				CLANG_WARN_EMPTY_BODY = YES;
				CLANG_WARN_ENUM_CONVERSION = YES;
				CLANG_WARN_INFINITE_RECURSION = YES;
				CLANG_WARN_INT_CONVERSION = YES;
				CLANG_WARN_NON_LITERAL_NULL_CONVERSION = YES;
				CLANG_WARN_OBJC_IMPLICIT_RETAIN_SELF = YES;
				CLANG_WARN_OBJC_LITERAL_CONVERSION = YES;
				CLANG_WARN_OBJC_ROOT_CLASS = YES_ERROR;
				CLANG_WARN_RANGE_LOOP_ANALYSIS = YES;
				CLANG_WARN_STRICT_PROTOTYPES = YES;
				CLANG_WARN_SUSPICIOUS_MOVE = YES;
				CLANG_WARN_UNGUARDED_AVAILABILITY = YES_AGGRESSIVE;
				CLANG_WARN_UNREACHABLE_CODE = YES;
				CLANG_WARN__DUPLICATE_METHOD_MATCH = YES;
				CODE_SIGN_IDENTITY = "iPhone Developer";
				COPY_PHASE_STRIP = NO;
				DEBUG_INFORMATION_FORMAT = dwarf;
				ENABLE_STRICT_OBJC_MSGSEND = YES;
				ENABLE_TESTABILITY = YES;
				GCC_C_LANGUAGE_STANDARD = gnu11;
				GCC_DYNAMIC_NO_PIC = NO;
				GCC_NO_COMMON_BLOCKS = YES;
				GCC_OPTIMIZATION_LEVEL = 0;
				GCC_PREPROCESSOR_DEFINITIONS = (
					"DEBUG=1",
					"$(inherited)",
				);
				GCC_WARN_64_TO_32_BIT_CONVERSION = YES;
				GCC_WARN_ABOUT_RETURN_TYPE = YES_ERROR;
				GCC_WARN_UNDECLARED_SELECTOR = YES;
				GCC_WARN_UNINITIALIZED_AUTOS = YES_AGGRESSIVE;
				GCC_WARN_UNUSED_FUNCTION = YES;
				GCC_WARN_UNUSED_VARIABLE = YES;
				IPHONEOS_DEPLOYMENT_TARGET = 11.4;
				MTL_ENABLE_DEBUG_INFO = YES;
				ONLY_ACTIVE_ARCH = YES;
				SDKROOT = iphoneos;
				SWIFT_ACTIVE_COMPILATION_CONDITIONS = DEBUG;
				SWIFT_OPTIMIZATION_LEVEL = "-Onone";
			};
			name = Debug;
		};
		2531BCCC210F64DF00CB2A8E /* Release */ = {
			isa = XCBuildConfiguration;
			buildSettings = {
				ALWAYS_SEARCH_USER_PATHS = NO;
				CLANG_ANALYZER_NONNULL = YES;
				CLANG_ANALYZER_NUMBER_OBJECT_CONVERSION = YES_AGGRESSIVE;
				CLANG_CXX_LANGUAGE_STANDARD = "gnu++14";
				CLANG_CXX_LIBRARY = "libc++";
				CLANG_ENABLE_MODULES = YES;
				CLANG_ENABLE_OBJC_ARC = YES;
				CLANG_ENABLE_OBJC_WEAK = YES;
				CLANG_WARN_BLOCK_CAPTURE_AUTORELEASING = YES;
				CLANG_WARN_BOOL_CONVERSION = YES;
				CLANG_WARN_COMMA = YES;
				CLANG_WARN_CONSTANT_CONVERSION = YES;
				CLANG_WARN_DEPRECATED_OBJC_IMPLEMENTATIONS = YES;
				CLANG_WARN_DIRECT_OBJC_ISA_USAGE = YES_ERROR;
				CLANG_WARN_DOCUMENTATION_COMMENTS = YES;
				CLANG_WARN_EMPTY_BODY = YES;
				CLANG_WARN_ENUM_CONVERSION = YES;
				CLANG_WARN_INFINITE_RECURSION = YES;
				CLANG_WARN_INT_CONVERSION = YES;
				CLANG_WARN_NON_LITERAL_NULL_CONVERSION = YES;
				CLANG_WARN_OBJC_IMPLICIT_RETAIN_SELF = YES;
				CLANG_WARN_OBJC_LITERAL_CONVERSION = YES;
				CLANG_WARN_OBJC_ROOT_CLASS = YES_ERROR;
				CLANG_WARN_RANGE_LOOP_ANALYSIS = YES;
				CLANG_WARN_STRICT_PROTOTYPES = YES;
				CLANG_WARN_SUSPICIOUS_MOVE = YES;
				CLANG_WARN_UNGUARDED_AVAILABILITY = YES_AGGRESSIVE;
				CLANG_WARN_UNREACHABLE_CODE = YES;
				CLANG_WARN__DUPLICATE_METHOD_MATCH = YES;
				CODE_SIGN_IDENTITY = "iPhone Developer";
				COPY_PHASE_STRIP = NO;
				DEBUG_INFORMATION_FORMAT = "dwarf-with-dsym";
				ENABLE_NS_ASSERTIONS = NO;
				ENABLE_STRICT_OBJC_MSGSEND = YES;
				GCC_C_LANGUAGE_STANDARD = gnu11;
				GCC_NO_COMMON_BLOCKS = YES;
				GCC_WARN_64_TO_32_BIT_CONVERSION = YES;
				GCC_WARN_ABOUT_RETURN_TYPE = YES_ERROR;
				GCC_WARN_UNDECLARED_SELECTOR = YES;
				GCC_WARN_UNINITIALIZED_AUTOS = YES_AGGRESSIVE;
				GCC_WARN_UNUSED_FUNCTION = YES;
				GCC_WARN_UNUSED_VARIABLE = YES;
				IPHONEOS_DEPLOYMENT_TARGET = 11.4;
				MTL_ENABLE_DEBUG_INFO = NO;
				SDKROOT = iphoneos;
				SWIFT_COMPILATION_MODE = wholemodule;
				SWIFT_OPTIMIZATION_LEVEL = "-O";
				VALIDATE_PRODUCT = YES;
			};
			name = Release;
		};
		2531BCCE210F64DF00CB2A8E /* Debug */ = {
			isa = XCBuildConfiguration;
			baseConfigurationReference = ACADEAAAD81016AF32076A3E /* Pods-Saucy Vegan.debug.xcconfig */;
			buildSettings = {
				ASSETCATALOG_COMPILER_APPICON_NAME = AppIcon;
				CODE_SIGN_STYLE = Automatic;
				DEVELOPMENT_TEAM = NBLW69DLTH;
				INFOPLIST_FILE = "Saucy Vegan/Info.plist";
				LD_RUNPATH_SEARCH_PATHS = (
					"$(inherited)",
					"@executable_path/Frameworks",
				);
				PRODUCT_BUNDLE_IDENTIFIER = "lvolta.Saucy-Vegan";
				PRODUCT_NAME = "$(TARGET_NAME)";
				SWIFT_VERSION = 4.0;
				TARGETED_DEVICE_FAMILY = "1,2";
			};
			name = Debug;
		};
		2531BCCF210F64DF00CB2A8E /* Release */ = {
			isa = XCBuildConfiguration;
			baseConfigurationReference = F7343CB0BF9224F4D55B6B7D /* Pods-Saucy Vegan.release.xcconfig */;
			buildSettings = {
				ASSETCATALOG_COMPILER_APPICON_NAME = AppIcon;
				CODE_SIGN_STYLE = Automatic;
				DEVELOPMENT_TEAM = NBLW69DLTH;
				INFOPLIST_FILE = "Saucy Vegan/Info.plist";
				LD_RUNPATH_SEARCH_PATHS = (
					"$(inherited)",
					"@executable_path/Frameworks",
				);
				PRODUCT_BUNDLE_IDENTIFIER = "lvolta.Saucy-Vegan";
				PRODUCT_NAME = "$(TARGET_NAME)";
				SWIFT_VERSION = 4.0;
				TARGETED_DEVICE_FAMILY = "1,2";
			};
			name = Release;
		};
		2531BCD1210F64DF00CB2A8E /* Debug */ = {
			isa = XCBuildConfiguration;
			buildSettings = {
				ALWAYS_EMBED_SWIFT_STANDARD_LIBRARIES = YES;
				BUNDLE_LOADER = "$(TEST_HOST)";
				CODE_SIGN_STYLE = Automatic;
				INFOPLIST_FILE = "Saucy VeganTests/Info.plist";
				LD_RUNPATH_SEARCH_PATHS = (
					"$(inherited)",
					"@executable_path/Frameworks",
					"@loader_path/Frameworks",
				);
				PRODUCT_BUNDLE_IDENTIFIER = "lvolta.Saucy-VeganTests";
				PRODUCT_NAME = "$(TARGET_NAME)";
				SWIFT_VERSION = 4.0;
				TARGETED_DEVICE_FAMILY = "1,2";
				TEST_HOST = "$(BUILT_PRODUCTS_DIR)/Saucy Vegan.app/Saucy Vegan";
			};
			name = Debug;
		};
		2531BCD2210F64DF00CB2A8E /* Release */ = {
			isa = XCBuildConfiguration;
			buildSettings = {
				ALWAYS_EMBED_SWIFT_STANDARD_LIBRARIES = YES;
				BUNDLE_LOADER = "$(TEST_HOST)";
				CODE_SIGN_STYLE = Automatic;
				INFOPLIST_FILE = "Saucy VeganTests/Info.plist";
				LD_RUNPATH_SEARCH_PATHS = (
					"$(inherited)",
					"@executable_path/Frameworks",
					"@loader_path/Frameworks",
				);
				PRODUCT_BUNDLE_IDENTIFIER = "lvolta.Saucy-VeganTests";
				PRODUCT_NAME = "$(TARGET_NAME)";
				SWIFT_VERSION = 4.0;
				TARGETED_DEVICE_FAMILY = "1,2";
				TEST_HOST = "$(BUILT_PRODUCTS_DIR)/Saucy Vegan.app/Saucy Vegan";
			};
			name = Release;
		};
		2531BCD4210F64DF00CB2A8E /* Debug */ = {
			isa = XCBuildConfiguration;
			buildSettings = {
				ALWAYS_EMBED_SWIFT_STANDARD_LIBRARIES = YES;
				CODE_SIGN_STYLE = Automatic;
				INFOPLIST_FILE = "Saucy VeganUITests/Info.plist";
				LD_RUNPATH_SEARCH_PATHS = (
					"$(inherited)",
					"@executable_path/Frameworks",
					"@loader_path/Frameworks",
				);
				PRODUCT_BUNDLE_IDENTIFIER = "lvolta.Saucy-VeganUITests";
				PRODUCT_NAME = "$(TARGET_NAME)";
				SWIFT_VERSION = 4.0;
				TARGETED_DEVICE_FAMILY = "1,2";
				TEST_TARGET_NAME = "Saucy Vegan";
			};
			name = Debug;
		};
		2531BCD5210F64DF00CB2A8E /* Release */ = {
			isa = XCBuildConfiguration;
			buildSettings = {
				ALWAYS_EMBED_SWIFT_STANDARD_LIBRARIES = YES;
				CODE_SIGN_STYLE = Automatic;
				INFOPLIST_FILE = "Saucy VeganUITests/Info.plist";
				LD_RUNPATH_SEARCH_PATHS = (
					"$(inherited)",
					"@executable_path/Frameworks",
					"@loader_path/Frameworks",
				);
				PRODUCT_BUNDLE_IDENTIFIER = "lvolta.Saucy-VeganUITests";
				PRODUCT_NAME = "$(TARGET_NAME)";
				SWIFT_VERSION = 4.0;
				TARGETED_DEVICE_FAMILY = "1,2";
				TEST_TARGET_NAME = "Saucy Vegan";
			};
			name = Release;
		};
/* End XCBuildConfiguration section */

/* Begin XCConfigurationList section */
		2531BCA0210F64DE00CB2A8E /* Build configuration list for PBXProject "Saucy Vegan" */ = {
			isa = XCConfigurationList;
			buildConfigurations = (
				2531BCCB210F64DF00CB2A8E /* Debug */,
				2531BCCC210F64DF00CB2A8E /* Release */,
			);
			defaultConfigurationIsVisible = 0;
			defaultConfigurationName = Release;
		};
		2531BCCD210F64DF00CB2A8E /* Build configuration list for PBXNativeTarget "Saucy Vegan" */ = {
			isa = XCConfigurationList;
			buildConfigurations = (
				2531BCCE210F64DF00CB2A8E /* Debug */,
				2531BCCF210F64DF00CB2A8E /* Release */,
			);
			defaultConfigurationIsVisible = 0;
			defaultConfigurationName = Release;
		};
		2531BCD0210F64DF00CB2A8E /* Build configuration list for PBXNativeTarget "Saucy VeganTests" */ = {
			isa = XCConfigurationList;
			buildConfigurations = (
				2531BCD1210F64DF00CB2A8E /* Debug */,
				2531BCD2210F64DF00CB2A8E /* Release */,
			);
			defaultConfigurationIsVisible = 0;
			defaultConfigurationName = Release;
		};
		2531BCD3210F64DF00CB2A8E /* Build configuration list for PBXNativeTarget "Saucy VeganUITests" */ = {
			isa = XCConfigurationList;
			buildConfigurations = (
				2531BCD4210F64DF00CB2A8E /* Debug */,
				2531BCD5210F64DF00CB2A8E /* Release */,
			);
			defaultConfigurationIsVisible = 0;
			defaultConfigurationName = Release;
		};
/* End XCConfigurationList section */
	};
	rootObject = 2531BC9D210F64DE00CB2A8E /* Project object */;
}
